
Microsoft Visual Studio Solution File, Format Version 12.00
# Visual Studio Version 17
VisualStudioVersion = 17.7.34003.232
MinimumVisualStudioVersion = 10.0.40219.1
Project("{FAE04EC0-301F-11D3-BF4B-00C04F79EFBC}") = "DemoApp.API", "DemoApp.API\DemoApp.API.csproj", "{537F0131-6954-4D9F-84AD-23D03158D8EB}"
EndProject
Global
	GlobalSection(SolutionConfigurationPlatforms) = preSolution
		Debug|Any CPU = Debug|Any CPU
		Release|Any CPU = Release|Any CPU
	EndGlobalSection
	GlobalSection(ProjectConfigurationPlatforms) = postSolution
		{537F0131-6954-4D9F-84AD-23D03158D8EB}.Debug|Any CPU.ActiveCfg = Debug|Any CPU
		{537F0131-6954-4D9F-84AD-23D03158D8EB}.Debug|Any CPU.Build.0 = Debug|Any CPU
		{537F0131-6954-4D9F-84AD-23D03158D8EB}.Release|Any CPU.ActiveCfg = Release|Any CPU
		{537F0131-6954-4D9F-84AD-23D03158D8EB}.Release|Any CPU.Build.0 = Release|Any CPU
	EndGlobalSection
	GlobalSection(SolutionProperties) = preSolution
		HideSolutionNode = FALSE
	EndGlobalSection
	GlobalSection(ExtensibilityGlobals) = postSolution
		SolutionGuid = {3FA89142-9591-47AB-BB03-83B3F31E5AEC}
	EndGlobalSection
EndGlobal
